// !$*UTF8*$!
{
	archiveVersion = 1;
	classes = {
	};
	objectVersion = 46;
	objects = {

/* Begin PBXBuildFile section */
		493A42471BCA4DC4004813D9 /* AppDelegate.swift in Sources */ = {isa = PBXBuildFile; fileRef = 493A42461BCA4DC4004813D9 /* AppDelegate.swift */; };
		493A42491BCA4DC4004813D9 /* ViewController.swift in Sources */ = {isa = PBXBuildFile; fileRef = 493A42481BCA4DC4004813D9 /* ViewController.swift */; };
		493A424C1BCA4DC4004813D9 /* Main.storyboard in Resources */ = {isa = PBXBuildFile; fileRef = 493A424A1BCA4DC4004813D9 /* Main.storyboard */; };
		493A424F1BCA4DC4004813D9 /* Color_Switcher.xcdatamodeld in Sources */ = {isa = PBXBuildFile; fileRef = 493A424D1BCA4DC4004813D9 /* Color_Switcher.xcdatamodeld */; };
		493A42511BCA4DC4004813D9 /* Assets.xcassets in Resources */ = {isa = PBXBuildFile; fileRef = 493A42501BCA4DC4004813D9 /* Assets.xcassets */; };
		493A42541BCA4DC4004813D9 /* LaunchScreen.storyboard in Resources */ = {isa = PBXBuildFile; fileRef = 493A42521BCA4DC4004813D9 /* LaunchScreen.storyboard */; };
/* End PBXBuildFile section */

/* Begin PBXFileReference section */
		493A42431BCA4DC4004813D9 /* Color Switcher.app */ = {isa = PBXFileReference; explicitFileType = wrapper.application; includeInIndex = 0; path = "Color Switcher.app"; sourceTree = BUILT_PRODUCTS_DIR; };
		493A42461BCA4DC4004813D9 /* AppDelegate.swift */ = {isa = PBXFileReference; lastKnownFileType = sourcecode.swift; path = AppDelegate.swift; sourceTree = "<group>"; };
		493A42481BCA4DC4004813D9 /* ViewController.swift */ = {isa = PBXFileReference; lastKnownFileType = sourcecode.swift; path = ViewController.swift; sourceTree = "<group>"; };
		493A424B1BCA4DC4004813D9 /* Base */ = {isa = PBXFileReference; lastKnownFileType = file.storyboard; name = Base; path = Base.lproj/Main.storyboard; sourceTree = "<group>"; };
		493A424E1BCA4DC4004813D9 /* Color_Switcher.xcdatamodel */ = {isa = PBXFileReference; lastKnownFileType = wrapper.xcdatamodel; path = Color_Switcher.xcdatamodel; sourceTree = "<group>"; };
		493A42501BCA4DC4004813D9 /* Assets.xcassets */ = {isa = PBXFileReference; lastKnownFileType = folder.assetcatalog; path = Assets.xcassets; sourceTree = "<group>"; };
		493A42531BCA4DC4004813D9 /* Base */ = {isa = PBXFileReference; lastKnownFileType = file.storyboard; name = Base; path = Base.lproj/LaunchScreen.storyboard; sourceTree = "<group>"; };
		493A42551BCA4DC4004813D9 /* Info.plist */ = {isa = PBXFileReference; lastKnownFileType = text.plist.xml; path = Info.plist; sourceTree = "<group>"; };
/* End PBXFileReference section */

/* Begin PBXFrameworksBuildPhase section */
		493A42401BCA4DC3004813D9 /* Frameworks */ = {
			isa = PBXFrameworksBuildPhase;
			buildActionMask = 2147483647;
			files = (
			);
			runOnlyForDeploymentPostprocessing = 0;
		};
/* End PBXFrameworksBuildPhase section */

/* Begin PBXGroup section */
		493A423A1BCA4DC3004813D9 = {
			isa = PBXGroup;
			children = (
				493A42451BCA4DC4004813D9 /* Color Switcher */,
				493A42441BCA4DC4004813D9 /* Products */,
			);
			sourceTree = "<group>";
		};
		493A42441BCA4DC4004813D9 /* Products */ = {
			isa = PBXGroup;
			children = (
				493A42431BCA4DC4004813D9 /* Color Switcher.app */,
			);
			name = Products;
			sourceTree = "<group>";
		};
		493A42451BCA4DC4004813D9 /* Color Switcher */ = {
			isa = PBXGroup;
			children = (
				493A42461BCA4DC4004813D9 /* AppDelegate.swift */,
				493A42481BCA4DC4004813D9 /* ViewController.swift */,
				493A424A1BCA4DC4004813D9 /* Main.storyboard */,
				493A42501BCA4DC4004813D9 /* Assets.xcassets */,
				493A42521BCA4DC4004813D9 /* LaunchScreen.storyboard */,
				493A42551BCA4DC4004813D9 /* Info.plist */,
				493A424D1BCA4DC4004813D9 /* Color_Switcher.xcdatamodeld */,
			);
			path = "Color Switcher";
			sourceTree = "<group>";
		};
/* End PBXGroup section */

/* Begin PBXNativeTarget section */
		493A42421BCA4DC3004813D9 /* Color Switcher */ = {
			isa = PBXNativeTarget;
			buildConfigurationList = 493A42581BCA4DC4004813D9 /* Build configuration list for PBXNativeTarget "Color Switcher" */;
			buildPhases = (
				493A423F1BCA4DC3004813D9 /* Sources */,
				493A42401BCA4DC3004813D9 /* Frameworks */,
				493A42411BCA4DC3004813D9 /* Resources */,
			);
			buildRules = (
			);
			dependencies = (
			);
			name = "Color Switcher";
			productName = "Color Switcher";
			productReference = 493A42431BCA4DC4004813D9 /* Color Switcher.app */;
			productType = "com.apple.product-type.application";
		};
/* End PBXNativeTarget section */

/* Begin PBXProject section */
		493A423B1BCA4DC3004813D9 /* Project object */ = {
			isa = PBXProject;
			attributes = {
				LastUpgradeCheck = 0700;
				ORGANIZATIONNAME = "Sonny Brooks Software";
				TargetAttributes = {
					493A42421BCA4DC3004813D9 = {
						CreatedOnToolsVersion = 7.0.1;
					};
				};
			};
			buildConfigurationList = 493A423E1BCA4DC3004813D9 /* Build configuration list for PBXProject "Color Switcher" */;
			compatibilityVersion = "Xcode 3.2";
			developmentRegion = English;
			hasScannedForEncodings = 0;
			knownRegions = (
				en,
				Base,
			);
			mainGroup = 493A423A1BCA4DC3004813D9;
			productRefGroup = 493A42441BCA4DC4004813D9 /* Products */;
			projectDirPath = "";
			projectRoot = "";
			targets = (
				493A42421BCA4DC3004813D9 /* Color Switcher */,
			);
		};
/* End PBXProject section */

/* Begin PBXResourcesBuildPhase section */
		493A42411BCA4DC3004813D9 /* Resources */ = {
			isa = PBXResourcesBuildPhase;
			buildActionMask = 2147483647;
			files = (
				493A42541BCA4DC4004813D9 /* LaunchScreen.storyboard in Resources */,
				493A42511BCA4DC4004813D9 /* Assets.xcassets in Resources */,
				493A424C1BCA4DC4004813D9 /* Main.storyboard in Resources */,
			);
			runOnlyForDeploymentPostprocessing = 0;
		};
/* End PBXResourcesBuildPhase section */

/* Begin PBXSourcesBuildPhase section */
		493A423F1BCA4DC3004813D9 /* Sources */ = {
			isa = PBXSourcesBuildPhase;
			buildActionMask = 2147483647;
			files = (
				493A424F1BCA4DC4004813D9 /* Color_Switcher.xcdatamodeld in Sources */,
				493A42491BCA4DC4004813D9 /* ViewController.swift in Sources */,
				493A42471BCA4DC4004813D9 /* AppDelegate.swift in Sources */,
			);
			runOnlyForDeploymentPostprocessing = 0;
		};
/* End PBXSourcesBuildPhase section */

/* Begin PBXVariantGroup section */
		493A424A1BCA4DC4004813D9 /* Main.storyboard */ = {
			isa = PBXVariantGroup;
			children = (
				493A424B1BCA4DC4004813D9 /* Base */,
			);
			name = Main.storyboard;
			sourceTree = "<group>";
		};
		493A42521BCA4DC4004813D9 /* LaunchScreen.storyboard */ = {
			isa = PBXVariantGroup;
			children = (
				493A42531BCA4DC4004813D9 /* Base */,
			);
			name = LaunchScreen.storyboard;
			sourceTree = "<group>";
		};
/* End PBXVariantGroup section */

/* Begin XCBuildConfiguration section */
		493A42561BCA4DC4004813D9 /* Debug */ = {
			isa = XCBuildConfiguration;
			buildSettings = {
				ALWAYS_SEARCH_USER_PATHS = NO;
				CLANG_CXX_LANGUAGE_STANDARD = "gnu++0x";
				CLANG_CXX_LIBRARY = "libc++";
				CLANG_ENABLE_MODULES = YES;
				CLANG_ENABLE_OBJC_ARC = YES;
				CLANG_WARN_BOOL_CONVERSION = YES;
				CLANG_WARN_CONSTANT_CONVERSION = YES;
				CLANG_WARN_DIRECT_OBJC_ISA_USAGE = YES_ERROR;
				CLANG_WARN_EMPTY_BODY = YES;
				CLANG_WARN_ENUM_CONVERSION = YES;
				CLANG_WARN_INT_CONVERSION = YES;
				CLANG_WARN_OBJC_ROOT_CLASS = YES_ERROR;
				CLANG_WARN_UNREACHABLE_CODE = YES;
				CLANG_WARN__DUPLICATE_METHOD_MATCH = YES;
				"CODE_SIGN_IDENTITY[sdk=iphoneos*]" = "iPhone Developer";
				COPY_PHASE_STRIP = NO;
				DEBUG_INFORMATION_FORMAT = dwarf;
				ENABLE_STRICT_OBJC_MSGSEND = YES;
				ENABLE_TESTABILITY = YES;
				GCC_C_LANGUAGE_STANDARD = gnu99;
				GCC_DYNAMIC_NO_PIC = NO;
				GCC_NO_COMMON_BLOCKS = YES;
				GCC_OPTIMIZATION_LEVEL = 0;
				GCC_PREPROCESSOR_DEFINITIONS = (
					"DEBUG=1",
					"$(inherited)",
				);
				GCC_WARN_64_TO_32_BIT_CONVERSION = YES;
				GCC_WARN_ABOUT_RETURN_TYPE = YES_ERROR;
				GCC_WARN_UNDECLARED_SELECTOR = YES;
				GCC_WARN_UNINITIALIZED_AUTOS = YES_AGGRESSIVE;
				GCC_WARN_UNUSED_FUNCTION = YES;
				GCC_WARN_UNUSED_VARIABLE = YES;
				IPHONEOS_DEPLOYMENT_TARGET = 9.0;
				MTL_ENABLE_DEBUG_INFO = YES;
				ONLY_ACTIVE_ARCH = YES;
				SDKROOT = iphoneos;
				SWIFT_OPTIMIZATION_LEVEL = "-Onone";
			};
			name = Debug;
		};
		493A42571BCA4DC4004813D9 /* Release */ = {
			isa = XCBuildConfiguration;
			buildSettings = {
				ALWAYS_SEARCH_USER_PATHS = NO;
				CLANG_CXX_LANGUAGE_STANDARD = "gnu++0x";
				CLANG_CXX_LIBRARY = "libc++";
				CLANG_ENABLE_MODULES = YES;
				CLANG_ENABLE_OBJC_ARC = YES;
				CLANG_WARN_BOOL_CONVERSION = YES;
				CLANG_WARN_CONSTANT_CONVERSION = YES;
				CLANG_WARN_DIRECT_OBJC_ISA_USAGE = YES_ERROR;
				CLANG_WARN_EMPTY_BODY = YES;
				CLANG_WARN_ENUM_CONVERSION = YES;
				CLANG_WARN_INT_CONVERSION = YES;
				CLANG_WARN_OBJC_ROOT_CLASS = YES_ERROR;
				CLANG_WARN_UNREACHABLE_CODE = YES;
				CLANG_WARN__DUPLICATE_METHOD_MATCH = YES;
				"CODE_SIGN_IDENTITY[sdk=iphoneos*]" = "iPhone Developer";
				COPY_PHASE_STRIP = NO;
				DEBUG_INFORMATION_FORMAT = "dwarf-with-dsym";
				ENABLE_NS_ASSERTIONS = NO;
				ENABLE_STRICT_OBJC_MSGSEND = YES;
				GCC_C_LANGUAGE_STANDARD = gnu99;
				GCC_NO_COMMON_BLOCKS = YES;
				GCC_WARN_64_TO_32_BIT_CONVERSION = YES;
				GCC_WARN_ABOUT_RETURN_TYPE = YES_ERROR;
				GCC_WARN_UNDECLARED_SELECTOR = YES;
				GCC_WARN_UNINITIALIZED_AUTOS = YES_AGGRESSIVE;
				GCC_WARN_UNUSED_FUNCTION = YES;
				GCC_WARN_UNUSED_VARIABLE = YES;
				IPHONEOS_DEPLOYMENT_TARGET = 9.0;
				MTL_ENABLE_DEBUG_INFO = NO;
				SDKROOT = iphoneos;
				VALIDATE_PRODUCT = YES;
			};
			name = Release;
		};
		493A42591BCA4DC4004813D9 /* Debug */ = {
			isa = XCBuildConfiguration;
			buildSettings = {
				ASSETCATALOG_COMPILER_APPICON_NAME = AppIcon;
				INFOPLIST_FILE = "Color Switcher/Info.plist";
				LD_RUNPATH_SEARCH_PATHS = "$(inherited) @executable_path/Frameworks";
				PRODUCT_BUNDLE_IDENTIFIER = "com.SonnyBrooks.Color-Switcher";
				PRODUCT_NAME = "$(TARGET_NAME)";
			};
			name = Debug;
		};
		493A425A1BCA4DC4004813D9 /* Release */ = {
			isa = XCBuildConfiguration;
			buildSettings = {
				ASSETCATALOG_COMPILER_APPICON_NAME = AppIcon;
				INFOPLIST_FILE = "Color Switcher/Info.plist";
				LD_RUNPATH_SEARCH_PATHS = "$(inherited) @executable_path/Frameworks";
				PRODUCT_BUNDLE_IDENTIFIER = "com.SonnyBrooks.Color-Switcher";
				PRODUCT_NAME = "$(TARGET_NAME)";
			};
			name = Release;
		};
/* End XCBuildConfiguration section */

/* Begin XCConfigurationList section */
		493A423E1BCA4DC3004813D9 /* Build configuration list for PBXProject "Color Switcher" */ = {
			isa = XCConfigurationList;
			buildConfigurations = (
				493A42561BCA4DC4004813D9 /* Debug */,
				493A42571BCA4DC4004813D9 /* Release */,
			);
			defaultConfigurationIsVisible = 0;
			defaultConfigurationName = Release;
		};
		493A42581BCA4DC4004813D9 /* Build configuration list for PBXNativeTarget "Color Switcher" */ = {
			isa = XCConfigurationList;
			buildConfigurations = (
				493A42591BCA4DC4004813D9 /* Debug */,
				493A425A1BCA4DC4004813D9 /* Release */,
			);
			defaultConfigurationIsVisible = 0;
		};
/* End XCConfigurationList section */

/* Begin XCVersionGroup section */
		493A424D1BCA4DC4004813D9 /* Color_Switcher.xcdatamodeld */ = {
			isa = XCVersionGroup;
			children = (
				493A424E1BCA4DC4004813D9 /* Color_Switcher.xcdatamodel */,
			);
			currentVersion = 493A424E1BCA4DC4004813D9 /* Color_Switcher.xcdatamodel */;
			path = Color_Switcher.xcdatamodeld;
			sourceTree = "<group>";
			versionGroupType = wrapper.xcdatamodel;
		};
/* End XCVersionGroup section */
	};
	rootObject = 493A423B1BCA4DC3004813D9 /* Project object */;
}
